// !$*UTF8*$!
{
	archiveVersion = 1;
	classes = {
	};
	objectVersion = 46;
	objects = {

/* Begin PBXBuildFile section */
		44DB1CE33640F2FFDE094FC4 /* libPods-FunBall.a in Frameworks */ = {isa = PBXBuildFile; fileRef = 7DE508EAD581FA3EBC8481C6 /* libPods-FunBall.a */; };
		46679FAD1F90BF5C00406A19 /* news.json in Resources */ = {isa = PBXBuildFile; fileRef = 46679FAC1F90BF5C00406A19 /* news.json */; };
		46679FB51F90C13300406A19 /* ZHNewsCell.m in Sources */ = {isa = PBXBuildFile; fileRef = 46679FB41F90C13300406A19 /* ZHNewsCell.m */; };
		46679FB81F90C20E00406A19 /* ZHNewsModel.m in Sources */ = {isa = PBXBuildFile; fileRef = 46679FB71F90C20E00406A19 /* ZHNewsModel.m */; };
		468599C01F909A1900363AAE /* zu3.jpg in Resources */ = {isa = PBXBuildFile; fileRef = 468599BC1F909A1800363AAE /* zu3.jpg */; };
		468599C11F909A1900363AAE /* zu2.jpg in Resources */ = {isa = PBXBuildFile; fileRef = 468599BD1F909A1800363AAE /* zu2.jpg */; };
		468599C21F909A1900363AAE /* zu4.jpg in Resources */ = {isa = PBXBuildFile; fileRef = 468599BE1F909A1800363AAE /* zu4.jpg */; };
		468599C31F909A1900363AAE /* zu1.jpg in Resources */ = {isa = PBXBuildFile; fileRef = 468599BF1F909A1900363AAE /* zu1.jpg */; };
		46D14BC11F8F4016003297D9 /* main.m in Sources */ = {isa = PBXBuildFile; fileRef = 46D14BC01F8F4016003297D9 /* main.m */; };
		46D14BC41F8F4016003297D9 /* AppDelegate.m in Sources */ = {isa = PBXBuildFile; fileRef = 46D14BC31F8F4016003297D9 /* AppDelegate.m */; };
		46D14BC71F8F4016003297D9 /* ViewController.m in Sources */ = {isa = PBXBuildFile; fileRef = 46D14BC61F8F4016003297D9 /* ViewController.m */; };
		46D14BCC1F8F4016003297D9 /* Assets.xcassets in Resources */ = {isa = PBXBuildFile; fileRef = 46D14BCB1F8F4016003297D9 /* Assets.xcassets */; };
		46D14BCF1F8F4016003297D9 /* LaunchScreen.storyboard in Resources */ = {isa = PBXBuildFile; fileRef = 46D14BCD1F8F4016003297D9 /* LaunchScreen.storyboard */; };
		46D14BDA1F8F4016003297D9 /* FunBallTests.m in Sources */ = {isa = PBXBuildFile; fileRef = 46D14BD91F8F4016003297D9 /* FunBallTests.m */; };
		46D14BE51F8F4016003297D9 /* FunBallUITests.m in Sources */ = {isa = PBXBuildFile; fileRef = 46D14BE41F8F4016003297D9 /* FunBallUITests.m */; };
		46D14BFA1F8F4D87003297D9 /* ZHBaseViewController.m in Sources */ = {isa = PBXBuildFile; fileRef = 46D14BF71F8F4D87003297D9 /* ZHBaseViewController.m */; };
		46D14BFB1F8F4D87003297D9 /* ZHNavigationController.m in Sources */ = {isa = PBXBuildFile; fileRef = 46D14BF91F8F4D87003297D9 /* ZHNavigationController.m */; };
		46D14BFE1F8F5057003297D9 /* ZHTabBarController.m in Sources */ = {isa = PBXBuildFile; fileRef = 46D14BFD1F8F5057003297D9 /* ZHTabBarController.m */; };
		46D14C001F8F508C003297D9 /* Foundation+Log.m in Sources */ = {isa = PBXBuildFile; fileRef = 46D14BFF1F8F508C003297D9 /* Foundation+Log.m */; };
		46D14C821F8F520D003297D9 /* AlertViewTool.m in Sources */ = {isa = PBXBuildFile; fileRef = 46D14C051F8F520D003297D9 /* AlertViewTool.m */; };
		46D14C831F8F520D003297D9 /* NSString+null.m in Sources */ = {isa = PBXBuildFile; fileRef = 46D14C081F8F520D003297D9 /* NSString+null.m */; };
		46D14C841F8F520D003297D9 /* ZHDotButton.m in Sources */ = {isa = PBXBuildFile; fileRef = 46D14C0A1F8F520D003297D9 /* ZHDotButton.m */; };
		46D14C851F8F520D003297D9 /* ZHLableButton.m in Sources */ = {isa = PBXBuildFile; fileRef = 46D14C0C1F8F520D003297D9 /* ZHLableButton.m */; };
		46D14C861F8F520D003297D9 /* UZAddressPhoneModel.m in Sources */ = {isa = PBXBuildFile; fileRef = 46D14C0F1F8F520D003297D9 /* UZAddressPhoneModel.m */; };
		46D14C871F8F520D003297D9 /* UZGetAddressPhone.m in Sources */ = {isa = PBXBuildFile; fileRef = 46D14C111F8F520D003297D9 /* UZGetAddressPhone.m */; };
		46D14CA61F8F520D003297D9 /* HttpTool.m in Sources */ = {isa = PBXBuildFile; fileRef = 46D14C581F8F520D003297D9 /* HttpTool.m */; };
		46D14CA71F8F520D003297D9 /* NetWorkStatus.m in Sources */ = {isa = PBXBuildFile; fileRef = 46D14C5A1F8F520D003297D9 /* NetWorkStatus.m */; };
		46D14CA81F8F520D003297D9 /* Reachability.m in Sources */ = {isa = PBXBuildFile; fileRef = 46D14C5C1F8F520D003297D9 /* Reachability.m */; };
		46D14CA91F8F520D003297D9 /* NSString+Extension.m in Sources */ = {isa = PBXBuildFile; fileRef = 46D14C5E1F8F520D003297D9 /* NSString+Extension.m */; };
		46D14CAA1F8F520D003297D9 /* SupportedInterfaceOrientations.m in Sources */ = {isa = PBXBuildFile; fileRef = 46D14C601F8F520D003297D9 /* SupportedInterfaceOrientations.m */; };
		46D14CAB1F8F520D003297D9 /* UIBarButtonItem+Extension.m in Sources */ = {isa = PBXBuildFile; fileRef = 46D14C621F8F520D003297D9 /* UIBarButtonItem+Extension.m */; };
		46D14CAC1F8F520D003297D9 /* UIButton+Extension.m in Sources */ = {isa = PBXBuildFile; fileRef = 46D14C641F8F520D003297D9 /* UIButton+Extension.m */; };
		46D14CAD1F8F520D003297D9 /* UIImage+Extension.m in Sources */ = {isa = PBXBuildFile; fileRef = 46D14C661F8F520D003297D9 /* UIImage+Extension.m */; };
		46D14CAE1F8F520D003297D9 /* UIImageView+Extension.m in Sources */ = {isa = PBXBuildFile; fileRef = 46D14C681F8F520D003297D9 /* UIImageView+Extension.m */; };
		46D14CAF1F8F520D003297D9 /* UILabel+Extension.m in Sources */ = {isa = PBXBuildFile; fileRef = 46D14C6A1F8F520D003297D9 /* UILabel+Extension.m */; };
		46D14CB01F8F520D003297D9 /* UITableView+Extension.m in Sources */ = {isa = PBXBuildFile; fileRef = 46D14C6C1F8F520D003297D9 /* UITableView+Extension.m */; };
		46D14CB11F8F520D003297D9 /* UITextField+Extension.m in Sources */ = {isa = PBXBuildFile; fileRef = 46D14C6E1F8F520D003297D9 /* UITextField+Extension.m */; };
		46D14CB21F8F520D003297D9 /* UIView+CLKeyboardOffsetView.m in Sources */ = {isa = PBXBuildFile; fileRef = 46D14C701F8F520D003297D9 /* UIView+CLKeyboardOffsetView.m */; };
		46D14CB31F8F520D003297D9 /* UIView+Extension.m in Sources */ = {isa = PBXBuildFile; fileRef = 46D14C721F8F520D003297D9 /* UIView+Extension.m */; };
		46D14CB41F8F520D003297D9 /* User.m in Sources */ = {isa = PBXBuildFile; fileRef = 46D14C741F8F520D003297D9 /* User.m */; };
		46D14CB51F8F520D003297D9 /* UserTool.m in Sources */ = {isa = PBXBuildFile; fileRef = 46D14C771F8F520D003297D9 /* UserTool.m */; };
		46D14CB61F8F520D003297D9 /* ZHWebViewController.m in Sources */ = {isa = PBXBuildFile; fileRef = 46D14C7A1F8F520D003297D9 /* ZHWebViewController.m */; };
		46D14CB71F8F520D003297D9 /* ZHScanImageTool.m in Sources */ = {isa = PBXBuildFile; fileRef = 46D14C7C1F8F520D003297D9 /* ZHScanImageTool.m */; };
		46D14CB81F8F520D003297D9 /* ZHStringFilterTool.m in Sources */ = {isa = PBXBuildFile; fileRef = 46D14C7E1F8F520D003297D9 /* ZHStringFilterTool.m */; };
		46D14CB91F8F520D003297D9 /* CLocationManager.m in Sources */ = {isa = PBXBuildFile; fileRef = 46D14C811F8F520D003297D9 /* CLocationManager.m */; };
		46D14CBC1F8F5237003297D9 /* ZHHomeViewController.m in Sources */ = {isa = PBXBuildFile; fileRef = 46D14CBB1F8F5237003297D9 /* ZHHomeViewController.m */; };
		46D14CBF1F8F5253003297D9 /* BaseTableViewCell.m in Sources */ = {isa = PBXBuildFile; fileRef = 46D14CBE1F8F5253003297D9 /* BaseTableViewCell.m */; };
		46D14CC21F8F5362003297D9 /* ZHMeViewController.m in Sources */ = {isa = PBXBuildFile; fileRef = 46D14CC11F8F5362003297D9 /* ZHMeViewController.m */; };
		46D14CC51F8F537A003297D9 /* ZHFindViewController.m in Sources */ = {isa = PBXBuildFile; fileRef = 46D14CC41F8F537A003297D9 /* ZHFindViewController.m */; };
		7AE365FA3EEE048EABDF5743 /* libPods-FunBallTests.a in Frameworks */ = {isa = PBXBuildFile; fileRef = 88EE8C5F6AD6C5BE9784E9B9 /* libPods-FunBallTests.a */; };
		ACB2B9AF27551A790E98B4C0 /* libPods-FunBallUITests.a in Frameworks */ = {isa = PBXBuildFile; fileRef = 4BFFDBD4C656B07F0C61C5F1 /* libPods-FunBallUITests.a */; };
/* End PBXBuildFile section */

/* Begin PBXContainerItemProxy section */
		46D14BD61F8F4016003297D9 /* PBXContainerItemProxy */ = {
			isa = PBXContainerItemProxy;
			containerPortal = 46D14BB41F8F4016003297D9 /* Project object */;
			proxyType = 1;
			remoteGlobalIDString = 46D14BBB1F8F4016003297D9;
			remoteInfo = FunBall;
		};
		46D14BE11F8F4016003297D9 /* PBXContainerItemProxy */ = {
			isa = PBXContainerItemProxy;
			containerPortal = 46D14BB41F8F4016003297D9 /* Project object */;
			proxyType = 1;
			remoteGlobalIDString = 46D14BBB1F8F4016003297D9;
			remoteInfo = FunBall;
		};
/* End PBXContainerItemProxy section */

/* Begin PBXFileReference section */
		46679FAC1F90BF5C00406A19 /* news.json */ = {isa = PBXFileReference; fileEncoding = 4; lastKnownFileType = text.json; path = news.json; sourceTree = "<group>"; };
		46679FB31F90C13300406A19 /* ZHNewsCell.h */ = {isa = PBXFileReference; fileEncoding = 4; lastKnownFileType = sourcecode.c.h; path = ZHNewsCell.h; sourceTree = "<group>"; };
		46679FB41F90C13300406A19 /* ZHNewsCell.m */ = {isa = PBXFileReference; fileEncoding = 4; lastKnownFileType = sourcecode.c.objc; path = ZHNewsCell.m; sourceTree = "<group>"; };
		46679FB61F90C20E00406A19 /* ZHNewsModel.h */ = {isa = PBXFileReference; fileEncoding = 4; lastKnownFileType = sourcecode.c.h; path = ZHNewsModel.h; sourceTree = "<group>"; };
		46679FB71F90C20E00406A19 /* ZHNewsModel.m */ = {isa = PBXFileReference; fileEncoding = 4; lastKnownFileType = sourcecode.c.objc; path = ZHNewsModel.m; sourceTree = "<group>"; };
		468599BC1F909A1800363AAE /* zu3.jpg */ = {isa = PBXFileReference; lastKnownFileType = image.jpeg; path = zu3.jpg; sourceTree = "<group>"; };
		468599BD1F909A1800363AAE /* zu2.jpg */ = {isa = PBXFileReference; lastKnownFileType = image.jpeg; path = zu2.jpg; sourceTree = "<group>"; };
		468599BE1F909A1800363AAE /* zu4.jpg */ = {isa = PBXFileReference; lastKnownFileType = image.jpeg; path = zu4.jpg; sourceTree = "<group>"; };
		468599BF1F909A1900363AAE /* zu1.jpg */ = {isa = PBXFileReference; lastKnownFileType = image.jpeg; path = zu1.jpg; sourceTree = "<group>"; };
		46D14BBC1F8F4016003297D9 /* FunBall.app */ = {isa = PBXFileReference; explicitFileType = wrapper.application; includeInIndex = 0; path = FunBall.app; sourceTree = BUILT_PRODUCTS_DIR; };
		46D14BC01F8F4016003297D9 /* main.m */ = {isa = PBXFileReference; lastKnownFileType = sourcecode.c.objc; path = main.m; sourceTree = "<group>"; };
		46D14BC21F8F4016003297D9 /* AppDelegate.h */ = {isa = PBXFileReference; lastKnownFileType = sourcecode.c.h; path = AppDelegate.h; sourceTree = "<group>"; };
		46D14BC31F8F4016003297D9 /* AppDelegate.m */ = {isa = PBXFileReference; lastKnownFileType = sourcecode.c.objc; path = AppDelegate.m; sourceTree = "<group>"; };
		46D14BC51F8F4016003297D9 /* ViewController.h */ = {isa = PBXFileReference; lastKnownFileType = sourcecode.c.h; path = ViewController.h; sourceTree = "<group>"; };
		46D14BC61F8F4016003297D9 /* ViewController.m */ = {isa = PBXFileReference; lastKnownFileType = sourcecode.c.objc; path = ViewController.m; sourceTree = "<group>"; };
		46D14BCB1F8F4016003297D9 /* Assets.xcassets */ = {isa = PBXFileReference; lastKnownFileType = folder.assetcatalog; path = Assets.xcassets; sourceTree = "<group>"; };
		46D14BCE1F8F4016003297D9 /* Base */ = {isa = PBXFileReference; lastKnownFileType = file.storyboard; name = Base; path = Base.lproj/LaunchScreen.storyboard; sourceTree = "<group>"; };
		46D14BD01F8F4016003297D9 /* Info.plist */ = {isa = PBXFileReference; lastKnownFileType = text.plist.xml; path = Info.plist; sourceTree = "<group>"; };
		46D14BD51F8F4016003297D9 /* FunBallTests.xctest */ = {isa = PBXFileReference; explicitFileType = wrapper.cfbundle; includeInIndex = 0; path = FunBallTests.xctest; sourceTree = BUILT_PRODUCTS_DIR; };
		46D14BD91F8F4016003297D9 /* FunBallTests.m */ = {isa = PBXFileReference; lastKnownFileType = sourcecode.c.objc; path = FunBallTests.m; sourceTree = "<group>"; };
		46D14BDB1F8F4016003297D9 /* Info.plist */ = {isa = PBXFileReference; lastKnownFileType = text.plist.xml; path = Info.plist; sourceTree = "<group>"; };
		46D14BE01F8F4016003297D9 /* FunBallUITests.xctest */ = {isa = PBXFileReference; explicitFileType = wrapper.cfbundle; includeInIndex = 0; path = FunBallUITests.xctest; sourceTree = BUILT_PRODUCTS_DIR; };
		46D14BE41F8F4016003297D9 /* FunBallUITests.m */ = {isa = PBXFileReference; lastKnownFileType = sourcecode.c.objc; path = FunBallUITests.m; sourceTree = "<group>"; };
		46D14BE61F8F4016003297D9 /* Info.plist */ = {isa = PBXFileReference; lastKnownFileType = text.plist.xml; path = Info.plist; sourceTree = "<group>"; };
		46D14BF61F8F4D87003297D9 /* ZHBaseViewController.h */ = {isa = PBXFileReference; fileEncoding = 4; lastKnownFileType = sourcecode.c.h; path = ZHBaseViewController.h; sourceTree = "<group>"; };
		46D14BF71F8F4D87003297D9 /* ZHBaseViewController.m */ = {isa = PBXFileReference; fileEncoding = 4; lastKnownFileType = sourcecode.c.objc; path = ZHBaseViewController.m; sourceTree = "<group>"; };
		46D14BF81F8F4D87003297D9 /* ZHNavigationController.h */ = {isa = PBXFileReference; fileEncoding = 4; lastKnownFileType = sourcecode.c.h; path = ZHNavigationController.h; sourceTree = "<group>"; };
		46D14BF91F8F4D87003297D9 /* ZHNavigationController.m */ = {isa = PBXFileReference; fileEncoding = 4; lastKnownFileType = sourcecode.c.objc; path = ZHNavigationController.m; sourceTree = "<group>"; };
		46D14BFC1F8F5057003297D9 /* ZHTabBarController.h */ = {isa = PBXFileReference; fileEncoding = 4; lastKnownFileType = sourcecode.c.h; path = ZHTabBarController.h; sourceTree = "<group>"; };
		46D14BFD1F8F5057003297D9 /* ZHTabBarController.m */ = {isa = PBXFileReference; fileEncoding = 4; lastKnownFileType = sourcecode.c.objc; path = ZHTabBarController.m; sourceTree = "<group>"; };
		46D14BFF1F8F508C003297D9 /* Foundation+Log.m */ = {isa = PBXFileReference; fileEncoding = 4; lastKnownFileType = sourcecode.c.objc; path = "Foundation+Log.m"; sourceTree = "<group>"; };
		46D14C011F8F5094003297D9 /* ImportFile.h */ = {isa = PBXFileReference; fileEncoding = 4; lastKnownFileType = sourcecode.c.h; path = ImportFile.h; sourceTree = "<group>"; };
		46D14C021F8F509D003297D9 /* DefaultSet.pch */ = {isa = PBXFileReference; fileEncoding = 4; lastKnownFileType = sourcecode.c.h; path = DefaultSet.pch; sourceTree = "<group>"; };
		46D14C041F8F520D003297D9 /* AlertViewTool.h */ = {isa = PBXFileReference; fileEncoding = 4; lastKnownFileType = sourcecode.c.h; path = AlertViewTool.h; sourceTree = "<group>"; };
		46D14C051F8F520D003297D9 /* AlertViewTool.m */ = {isa = PBXFileReference; fileEncoding = 4; lastKnownFileType = sourcecode.c.objc; path = AlertViewTool.m; sourceTree = "<group>"; };
		46D14C071F8F520D003297D9 /* NSString+null.h */ = {isa = PBXFileReference; fileEncoding = 4; lastKnownFileType = sourcecode.c.h; path = "NSString+null.h"; sourceTree = "<group>"; };
		46D14C081F8F520D003297D9 /* NSString+null.m */ = {isa = PBXFileReference; fileEncoding = 4; lastKnownFileType = sourcecode.c.objc; path = "NSString+null.m"; sourceTree = "<group>"; };
		46D14C091F8F520D003297D9 /* ZHDotButton.h */ = {isa = PBXFileReference; fileEncoding = 4; lastKnownFileType = sourcecode.c.h; path = ZHDotButton.h; sourceTree = "<group>"; };
		46D14C0A1F8F520D003297D9 /* ZHDotButton.m */ = {isa = PBXFileReference; fileEncoding = 4; lastKnownFileType = sourcecode.c.objc; path = ZHDotButton.m; sourceTree = "<group>"; };
		46D14C0B1F8F520D003297D9 /* ZHLableButton.h */ = {isa = PBXFileReference; fileEncoding = 4; lastKnownFileType = sourcecode.c.h; path = ZHLableButton.h; sourceTree = "<group>"; };
		46D14C0C1F8F520D003297D9 /* ZHLableButton.m */ = {isa = PBXFileReference; fileEncoding = 4; lastKnownFileType = sourcecode.c.objc; path = ZHLableButton.m; sourceTree = "<group>"; };
		46D14C0E1F8F520D003297D9 /* UZAddressPhoneModel.h */ = {isa = PBXFileReference; fileEncoding = 4; lastKnownFileType = sourcecode.c.h; path = UZAddressPhoneModel.h; sourceTree = "<group>"; };
		46D14C0F1F8F520D003297D9 /* UZAddressPhoneModel.m */ = {isa = PBXFileReference; fileEncoding = 4; lastKnownFileType = sourcecode.c.objc; path = UZAddressPhoneModel.m; sourceTree = "<group>"; };
		46D14C101F8F520D003297D9 /* UZGetAddressPhone.h */ = {isa = PBXFileReference; fileEncoding = 4; lastKnownFileType = sourcecode.c.h; path = UZGetAddressPhone.h; sourceTree = "<group>"; };
		46D14C111F8F520D003297D9 /* UZGetAddressPhone.m */ = {isa = PBXFileReference; fileEncoding = 4; lastKnownFileType = sourcecode.c.objc; path = UZGetAddressPhone.m; sourceTree = "<group>"; };
		46D14C571F8F520D003297D9 /* HttpTool.h */ = {isa = PBXFileReference; fileEncoding = 4; lastKnownFileType = sourcecode.c.h; path = HttpTool.h; sourceTree = "<group>"; };
		46D14C581F8F520D003297D9 /* HttpTool.m */ = {isa = PBXFileReference; fileEncoding = 4; lastKnownFileType = sourcecode.c.objc; path = HttpTool.m; sourceTree = "<group>"; };
		46D14C591F8F520D003297D9 /* NetWorkStatus.h */ = {isa = PBXFileReference; fileEncoding = 4; lastKnownFileType = sourcecode.c.h; path = NetWorkStatus.h; sourceTree = "<group>"; };
		46D14C5A1F8F520D003297D9 /* NetWorkStatus.m */ = {isa = PBXFileReference; fileEncoding = 4; lastKnownFileType = sourcecode.c.objc; path = NetWorkStatus.m; sourceTree = "<group>"; };
		46D14C5B1F8F520D003297D9 /* Reachability.h */ = {isa = PBXFileReference; fileEncoding = 4; lastKnownFileType = sourcecode.c.h; path = Reachability.h; sourceTree = "<group>"; };
		46D14C5C1F8F520D003297D9 /* Reachability.m */ = {isa = PBXFileReference; fileEncoding = 4; lastKnownFileType = sourcecode.c.objc; path = Reachability.m; sourceTree = "<group>"; };
		46D14C5D1F8F520D003297D9 /* NSString+Extension.h */ = {isa = PBXFileReference; fileEncoding = 4; lastKnownFileType = sourcecode.c.h; path = "NSString+Extension.h"; sourceTree = "<group>"; };
		46D14C5E1F8F520D003297D9 /* NSString+Extension.m */ = {isa = PBXFileReference; fileEncoding = 4; lastKnownFileType = sourcecode.c.objc; path = "NSString+Extension.m"; sourceTree = "<group>"; };
		46D14C5F1F8F520D003297D9 /* SupportedInterfaceOrientations.h */ = {isa = PBXFileReference; fileEncoding = 4; lastKnownFileType = sourcecode.c.h; path = SupportedInterfaceOrientations.h; sourceTree = "<group>"; };
		46D14C601F8F520D003297D9 /* SupportedInterfaceOrientations.m */ = {isa = PBXFileReference; fileEncoding = 4; lastKnownFileType = sourcecode.c.objc; path = SupportedInterfaceOrientations.m; sourceTree = "<group>"; };
		46D14C611F8F520D003297D9 /* UIBarButtonItem+Extension.h */ = {isa = PBXFileReference; fileEncoding = 4; lastKnownFileType = sourcecode.c.h; path = "UIBarButtonItem+Extension.h"; sourceTree = "<group>"; };
		46D14C621F8F520D003297D9 /* UIBarButtonItem+Extension.m */ = {isa = PBXFileReference; fileEncoding = 4; lastKnownFileType = sourcecode.c.objc; path = "UIBarButtonItem+Extension.m"; sourceTree = "<group>"; };
		46D14C631F8F520D003297D9 /* UIButton+Extension.h */ = {isa = PBXFileReference; fileEncoding = 4; lastKnownFileType = sourcecode.c.h; path = "UIButton+Extension.h"; sourceTree = "<group>"; };
		46D14C641F8F520D003297D9 /* UIButton+Extension.m */ = {isa = PBXFileReference; fileEncoding = 4; lastKnownFileType = sourcecode.c.objc; path = "UIButton+Extension.m"; sourceTree = "<group>"; };
		46D14C651F8F520D003297D9 /* UIImage+Extension.h */ = {isa = PBXFileReference; fileEncoding = 4; lastKnownFileType = sourcecode.c.h; path = "UIImage+Extension.h"; sourceTree = "<group>"; };
		46D14C661F8F520D003297D9 /* UIImage+Extension.m */ = {isa = PBXFileReference; fileEncoding = 4; lastKnownFileType = sourcecode.c.objc; path = "UIImage+Extension.m"; sourceTree = "<group>"; };
		46D14C671F8F520D003297D9 /* UIImageView+Extension.h */ = {isa = PBXFileReference; fileEncoding = 4; lastKnownFileType = sourcecode.c.h; path = "UIImageView+Extension.h"; sourceTree = "<group>"; };
		46D14C681F8F520D003297D9 /* UIImageView+Extension.m */ = {isa = PBXFileReference; fileEncoding = 4; lastKnownFileType = sourcecode.c.objc; path = "UIImageView+Extension.m"; sourceTree = "<group>"; };
		46D14C691F8F520D003297D9 /* UILabel+Extension.h */ = {isa = PBXFileReference; fileEncoding = 4; lastKnownFileType = sourcecode.c.h; path = "UILabel+Extension.h"; sourceTree = "<group>"; };
		46D14C6A1F8F520D003297D9 /* UILabel+Extension.m */ = {isa = PBXFileReference; fileEncoding = 4; lastKnownFileType = sourcecode.c.objc; path = "UILabel+Extension.m"; sourceTree = "<group>"; };
		46D14C6B1F8F520D003297D9 /* UITableView+Extension.h */ = {isa = PBXFileReference; fileEncoding = 4; lastKnownFileType = sourcecode.c.h; path = "UITableView+Extension.h"; sourceTree = "<group>"; };
		46D14C6C1F8F520D003297D9 /* UITableView+Extension.m */ = {isa = PBXFileReference; fileEncoding = 4; lastKnownFileType = sourcecode.c.objc; path = "UITableView+Extension.m"; sourceTree = "<group>"; };
		46D14C6D1F8F520D003297D9 /* UITextField+Extension.h */ = {isa = PBXFileReference; fileEncoding = 4; lastKnownFileType = sourcecode.c.h; path = "UITextField+Extension.h"; sourceTree = "<group>"; };
		46D14C6E1F8F520D003297D9 /* UITextField+Extension.m */ = {isa = PBXFileReference; fileEncoding = 4; lastKnownFileType = sourcecode.c.objc; path = "UITextField+Extension.m"; sourceTree = "<group>"; };
		46D14C6F1F8F520D003297D9 /* UIView+CLKeyboardOffsetView.h */ = {isa = PBXFileReference; fileEncoding = 4; lastKnownFileType = sourcecode.c.h; path = "UIView+CLKeyboardOffsetView.h"; sourceTree = "<group>"; };
		46D14C701F8F520D003297D9 /* UIView+CLKeyboardOffsetView.m */ = {isa = PBXFileReference; fileEncoding = 4; lastKnownFileType = sourcecode.c.objc; path = "UIView+CLKeyboardOffsetView.m"; sourceTree = "<group>"; };
		46D14C711F8F520D003297D9 /* UIView+Extension.h */ = {isa = PBXFileReference; fileEncoding = 4; lastKnownFileType = sourcecode.c.h; path = "UIView+Extension.h"; sourceTree = "<group>"; };
		46D14C721F8F520D003297D9 /* UIView+Extension.m */ = {isa = PBXFileReference; fileEncoding = 4; lastKnownFileType = sourcecode.c.objc; path = "UIView+Extension.m"; sourceTree = "<group>"; };
		46D14C731F8F520D003297D9 /* User.h */ = {isa = PBXFileReference; fileEncoding = 4; lastKnownFileType = sourcecode.c.h; path = User.h; sourceTree = "<group>"; };
		46D14C741F8F520D003297D9 /* User.m */ = {isa = PBXFileReference; fileEncoding = 4; lastKnownFileType = sourcecode.c.objc; path = User.m; sourceTree = "<group>"; };
		46D14C761F8F520D003297D9 /* UserTool.h */ = {isa = PBXFileReference; fileEncoding = 4; lastKnownFileType = sourcecode.c.h; path = UserTool.h; sourceTree = "<group>"; };
		46D14C771F8F520D003297D9 /* UserTool.m */ = {isa = PBXFileReference; fileEncoding = 4; lastKnownFileType = sourcecode.c.objc; path = UserTool.m; sourceTree = "<group>"; };
		46D14C791F8F520D003297D9 /* ZHWebViewController.h */ = {isa = PBXFileReference; fileEncoding = 4; lastKnownFileType = sourcecode.c.h; path = ZHWebViewController.h; sourceTree = "<group>"; };
		46D14C7A1F8F520D003297D9 /* ZHWebViewController.m */ = {isa = PBXFileReference; fileEncoding = 4; lastKnownFileType = sourcecode.c.objc; path = ZHWebViewController.m; sourceTree = "<group>"; };
		46D14C7B1F8F520D003297D9 /* ZHScanImageTool.h */ = {isa = PBXFileReference; fileEncoding = 4; lastKnownFileType = sourcecode.c.h; path = ZHScanImageTool.h; sourceTree = "<group>"; };
		46D14C7C1F8F520D003297D9 /* ZHScanImageTool.m */ = {isa = PBXFileReference; fileEncoding = 4; lastKnownFileType = sourcecode.c.objc; path = ZHScanImageTool.m; sourceTree = "<group>"; };
		46D14C7D1F8F520D003297D9 /* ZHStringFilterTool.h */ = {isa = PBXFileReference; fileEncoding = 4; lastKnownFileType = sourcecode.c.h; path = ZHStringFilterTool.h; sourceTree = "<group>"; };
		46D14C7E1F8F520D003297D9 /* ZHStringFilterTool.m */ = {isa = PBXFileReference; fileEncoding = 4; lastKnownFileType = sourcecode.c.objc; path = ZHStringFilterTool.m; sourceTree = "<group>"; };
		46D14C801F8F520D003297D9 /* CLocationManager.h */ = {isa = PBXFileReference; fileEncoding = 4; lastKnownFileType = sourcecode.c.h; path = CLocationManager.h; sourceTree = "<group>"; };
		46D14C811F8F520D003297D9 /* CLocationManager.m */ = {isa = PBXFileReference; fileEncoding = 4; lastKnownFileType = sourcecode.c.objc; path = CLocationManager.m; sourceTree = "<group>"; };
		46D14CBA1F8F5237003297D9 /* ZHHomeViewController.h */ = {isa = PBXFileReference; fileEncoding = 4; lastKnownFileType = sourcecode.c.h; path = ZHHomeViewController.h; sourceTree = "<group>"; };
		46D14CBB1F8F5237003297D9 /* ZHHomeViewController.m */ = {isa = PBXFileReference; fileEncoding = 4; lastKnownFileType = sourcecode.c.objc; path = ZHHomeViewController.m; sourceTree = "<group>"; };
		46D14CBD1F8F5253003297D9 /* BaseTableViewCell.h */ = {isa = PBXFileReference; fileEncoding = 4; lastKnownFileType = sourcecode.c.h; path = BaseTableViewCell.h; sourceTree = "<group>"; };
		46D14CBE1F8F5253003297D9 /* BaseTableViewCell.m */ = {isa = PBXFileReference; fileEncoding = 4; lastKnownFileType = sourcecode.c.objc; path = BaseTableViewCell.m; sourceTree = "<group>"; };
		46D14CC01F8F5362003297D9 /* ZHMeViewController.h */ = {isa = PBXFileReference; fileEncoding = 4; lastKnownFileType = sourcecode.c.h; path = ZHMeViewController.h; sourceTree = "<group>"; };
		46D14CC11F8F5362003297D9 /* ZHMeViewController.m */ = {isa = PBXFileReference; fileEncoding = 4; lastKnownFileType = sourcecode.c.objc; path = ZHMeViewController.m; sourceTree = "<group>"; };
		46D14CC31F8F537A003297D9 /* ZHFindViewController.h */ = {isa = PBXFileReference; fileEncoding = 4; lastKnownFileType = sourcecode.c.h; path = ZHFindViewController.h; sourceTree = "<group>"; };
		46D14CC41F8F537A003297D9 /* ZHFindViewController.m */ = {isa = PBXFileReference; fileEncoding = 4; lastKnownFileType = sourcecode.c.objc; path = ZHFindViewController.m; sourceTree = "<group>"; };
		4BFFDBD4C656B07F0C61C5F1 /* libPods-FunBallUITests.a */ = {isa = PBXFileReference; explicitFileType = archive.ar; includeInIndex = 0; path = "libPods-FunBallUITests.a"; sourceTree = BUILT_PRODUCTS_DIR; };
		7DE508EAD581FA3EBC8481C6 /* libPods-FunBall.a */ = {isa = PBXFileReference; explicitFileType = archive.ar; includeInIndex = 0; path = "libPods-FunBall.a"; sourceTree = BUILT_PRODUCTS_DIR; };
		7E7BFC86662668C2579BC9CD /* Pods-FunBall.debug.xcconfig */ = {isa = PBXFileReference; includeInIndex = 1; lastKnownFileType = text.xcconfig; name = "Pods-FunBall.debug.xcconfig"; path = "Pods/Target Support Files/Pods-FunBall/Pods-FunBall.debug.xcconfig"; sourceTree = "<group>"; };
		88EE8C5F6AD6C5BE9784E9B9 /* libPods-FunBallTests.a */ = {isa = PBXFileReference; explicitFileType = archive.ar; includeInIndex = 0; path = "libPods-FunBallTests.a"; sourceTree = BUILT_PRODUCTS_DIR; };
		944A2E667822D0F0F27EC45C /* Pods-FunBallUITests.release.xcconfig */ = {isa = PBXFileReference; includeInIndex = 1; lastKnownFileType = text.xcconfig; name = "Pods-FunBallUITests.release.xcconfig"; path = "Pods/Target Support Files/Pods-FunBallUITests/Pods-FunBallUITests.release.xcconfig"; sourceTree = "<group>"; };
		AB5AEAB8C6F9E5E812C38343 /* Pods-FunBall.release.xcconfig */ = {isa = PBXFileReference; includeInIndex = 1; lastKnownFileType = text.xcconfig; name = "Pods-FunBall.release.xcconfig"; path = "Pods/Target Support Files/Pods-FunBall/Pods-FunBall.release.xcconfig"; sourceTree = "<group>"; };
		C07AFFFC49C52066CFC2CED1 /* Pods-FunBallTests.debug.xcconfig */ = {isa = PBXFileReference; includeInIndex = 1; lastKnownFileType = text.xcconfig; name = "Pods-FunBallTests.debug.xcconfig"; path = "Pods/Target Support Files/Pods-FunBallTests/Pods-FunBallTests.debug.xcconfig"; sourceTree = "<group>"; };
		C3086E696E181DE76F7FA3D3 /* Pods-FunBallUITests.debug.xcconfig */ = {isa = PBXFileReference; includeInIndex = 1; lastKnownFileType = text.xcconfig; name = "Pods-FunBallUITests.debug.xcconfig"; path = "Pods/Target Support Files/Pods-FunBallUITests/Pods-FunBallUITests.debug.xcconfig"; sourceTree = "<group>"; };
		C4ECCE3A8B69C2503FBE8812 /* Pods-FunBallTests.release.xcconfig */ = {isa = PBXFileReference; includeInIndex = 1; lastKnownFileType = text.xcconfig; name = "Pods-FunBallTests.release.xcconfig"; path = "Pods/Target Support Files/Pods-FunBallTests/Pods-FunBallTests.release.xcconfig"; sourceTree = "<group>"; };
/* End PBXFileReference section */

/* Begin PBXFrameworksBuildPhase section */
		46D14BB91F8F4016003297D9 /* Frameworks */ = {
			isa = PBXFrameworksBuildPhase;
			buildActionMask = 2147483647;
			files = (
				44DB1CE33640F2FFDE094FC4 /* libPods-FunBall.a in Frameworks */,
			);
			runOnlyForDeploymentPostprocessing = 0;
		};
		46D14BD21F8F4016003297D9 /* Frameworks */ = {
			isa = PBXFrameworksBuildPhase;
			buildActionMask = 2147483647;
			files = (
				7AE365FA3EEE048EABDF5743 /* libPods-FunBallTests.a in Frameworks */,
			);
			runOnlyForDeploymentPostprocessing = 0;
		};
		46D14BDD1F8F4016003297D9 /* Frameworks */ = {
			isa = PBXFrameworksBuildPhase;
			buildActionMask = 2147483647;
			files = (
				ACB2B9AF27551A790E98B4C0 /* libPods-FunBallUITests.a in Frameworks */,
			);
			runOnlyForDeploymentPostprocessing = 0;
		};
/* End PBXFrameworksBuildPhase section */

/* Begin PBXGroup section */
		46679FAE1F90C0A000406A19 /* View */ = {
			isa = PBXGroup;
			children = (
				46679FB31F90C13300406A19 /* ZHNewsCell.h */,
				46679FB41F90C13300406A19 /* ZHNewsCell.m */,
				46679FB61F90C20E00406A19 /* ZHNewsModel.h */,
				46679FB71F90C20E00406A19 /* ZHNewsModel.m */,
			);
			path = View;
			sourceTree = "<group>";
		};
		46679FAF1F90C0AC00406A19 /* Controller */ = {
			isa = PBXGroup;
			children = (
			);
			path = Controller;
			sourceTree = "<group>";
		};
		46679FB01F90C0C400406A19 /* Controller */ = {
			isa = PBXGroup;
			children = (
			);
			path = Controller;
			sourceTree = "<group>";
		};
		46679FB11F90C0D500406A19 /* View */ = {
			isa = PBXGroup;
			children = (
			);
			path = View;
			sourceTree = "<group>";
		};
		46679FB21F90C0DA00406A19 /* View */ = {
			isa = PBXGroup;
			children = (
			);
			path = View;
			sourceTree = "<group>";
		};
		468599BA1F9099F700363AAE /* Source */ = {
			isa = PBXGroup;
			children = (
				468599BB1F909A0200363AAE /* banner */,
			);
			path = Source;
			sourceTree = "<group>";
		};
		468599BB1F909A0200363AAE /* banner */ = {
			isa = PBXGroup;
			children = (
				468599BF1F909A1900363AAE /* zu1.jpg */,
				468599BD1F909A1800363AAE /* zu2.jpg */,
				468599BC1F909A1800363AAE /* zu3.jpg */,
				468599BE1F909A1800363AAE /* zu4.jpg */,
			);
			path = banner;
			sourceTree = "<group>";
		};
		46D14BB31F8F4016003297D9 = {
			isa = PBXGroup;
			children = (
				46D14BBE1F8F4016003297D9 /* FunBall */,
				46D14BD81F8F4016003297D9 /* FunBallTests */,
				46D14BE31F8F4016003297D9 /* FunBallUITests */,
				46D14BBD1F8F4016003297D9 /* Products */,
				5D3018EFA4E45C6F82E29316 /* Pods */,
				C68BC92E66FAAF3AA41073D1 /* Frameworks */,
			);
			sourceTree = "<group>";
		};
		46D14BBD1F8F4016003297D9 /* Products */ = {
			isa = PBXGroup;
			children = (
				46D14BBC1F8F4016003297D9 /* FunBall.app */,
				46D14BD51F8F4016003297D9 /* FunBallTests.xctest */,
				46D14BE01F8F4016003297D9 /* FunBallUITests.xctest */,
			);
			name = Products;
			sourceTree = "<group>";
		};
		46D14BBE1F8F4016003297D9 /* FunBall */ = {
			isa = PBXGroup;
			children = (
				468599BA1F9099F700363AAE /* Source */,
				46D14C031F8F520D003297D9 /* Util */,
				46D14BF51F8F4D7C003297D9 /* Main */,
				46D14BF41F8F4CFD003297D9 /* Find */,
				46D14BF31F8F4CB3003297D9 /* Me */,
				46D14BF21F8F4CA9003297D9 /* home */,
				46D14BC21F8F4016003297D9 /* AppDelegate.h */,
				46D14BC31F8F4016003297D9 /* AppDelegate.m */,
				46D14BC51F8F4016003297D9 /* ViewController.h */,
				46D14BC61F8F4016003297D9 /* ViewController.m */,
				46D14BCB1F8F4016003297D9 /* Assets.xcassets */,
				46D14BCD1F8F4016003297D9 /* LaunchScreen.storyboard */,
				46D14BD01F8F4016003297D9 /* Info.plist */,
				46D14BBF1F8F4016003297D9 /* Supporting Files */,
			);
			path = FunBall;
			sourceTree = "<group>";
		};
		46D14BBF1F8F4016003297D9 /* Supporting Files */ = {
			isa = PBXGroup;
			children = (
				46679FAC1F90BF5C00406A19 /* news.json */,
				46D14C011F8F5094003297D9 /* ImportFile.h */,
				46D14C021F8F509D003297D9 /* DefaultSet.pch */,
				46D14BFF1F8F508C003297D9 /* Foundation+Log.m */,
				46D14BC01F8F4016003297D9 /* main.m */,
			);
			name = "Supporting Files";
			sourceTree = "<group>";
		};
		46D14BD81F8F4016003297D9 /* FunBallTests */ = {
			isa = PBXGroup;
			children = (
				46D14BD91F8F4016003297D9 /* FunBallTests.m */,
				46D14BDB1F8F4016003297D9 /* Info.plist */,
			);
			path = FunBallTests;
			sourceTree = "<group>";
		};
		46D14BE31F8F4016003297D9 /* FunBallUITests */ = {
			isa = PBXGroup;
			children = (
				46D14BE41F8F4016003297D9 /* FunBallUITests.m */,
				46D14BE61F8F4016003297D9 /* Info.plist */,
			);
			path = FunBallUITests;
			sourceTree = "<group>";
		};
		46D14BF21F8F4CA9003297D9 /* home */ = {
			isa = PBXGroup;
			children = (
				46679FAF1F90C0AC00406A19 /* Controller */,
				46679FAE1F90C0A000406A19 /* View */,
				46D14CBA1F8F5237003297D9 /* ZHHomeViewController.h */,
				46D14CBB1F8F5237003297D9 /* ZHHomeViewController.m */,
			);
			path = home;
			sourceTree = "<group>";
		};
		46D14BF31F8F4CB3003297D9 /* Me */ = {
			isa = PBXGroup;
			children = (
				46679FB21F90C0DA00406A19 /* View */,
				46679FB01F90C0C400406A19 /* Controller */,
				46D14CC01F8F5362003297D9 /* ZHMeViewController.h */,
				46D14CC11F8F5362003297D9 /* ZHMeViewController.m */,
			);
			path = Me;
			sourceTree = "<group>";
		};
		46D14BF41F8F4CFD003297D9 /* Find */ = {
			isa = PBXGroup;
			children = (
				46679FB11F90C0D500406A19 /* View */,
				46D14CC31F8F537A003297D9 /* ZHFindViewController.h */,
				46D14CC41F8F537A003297D9 /* ZHFindViewController.m */,
			);
			path = Find;
			sourceTree = "<group>";
		};
		46D14BF51F8F4D7C003297D9 /* Main */ = {
			isa = PBXGroup;
			children = (
				46D14CBD1F8F5253003297D9 /* BaseTableViewCell.h */,
				46D14CBE1F8F5253003297D9 /* BaseTableViewCell.m */,
				46D14BFC1F8F5057003297D9 /* ZHTabBarController.h */,
				46D14BFD1F8F5057003297D9 /* ZHTabBarController.m */,
				46D14BF61F8F4D87003297D9 /* ZHBaseViewController.h */,
				46D14BF71F8F4D87003297D9 /* ZHBaseViewController.m */,
				46D14BF81F8F4D87003297D9 /* ZHNavigationController.h */,
				46D14BF91F8F4D87003297D9 /* ZHNavigationController.m */,
			);
			path = Main;
			sourceTree = "<group>";
		};
		46D14C031F8F520D003297D9 /* Util */ = {
			isa = PBXGroup;
			children = (
				46D14C041F8F520D003297D9 /* AlertViewTool.h */,
				46D14C051F8F520D003297D9 /* AlertViewTool.m */,
				46D14C061F8F520D003297D9 /* category */,
				46D14C0D1F8F520D003297D9 /* GetPhone */,
				46D14C121F8F520D003297D9 /* Lib */,
				46D14C561F8F520D003297D9 /* NetWork(网络请求) */,
				46D14C5D1F8F520D003297D9 /* NSString+Extension.h */,
				46D14C5E1F8F520D003297D9 /* NSString+Extension.m */,
				46D14C5F1F8F520D003297D9 /* SupportedInterfaceOrientations.h */,
				46D14C601F8F520D003297D9 /* SupportedInterfaceOrientations.m */,
				46D14C611F8F520D003297D9 /* UIBarButtonItem+Extension.h */,
				46D14C621F8F520D003297D9 /* UIBarButtonItem+Extension.m */,
				46D14C631F8F520D003297D9 /* UIButton+Extension.h */,
				46D14C641F8F520D003297D9 /* UIButton+Extension.m */,
				46D14C651F8F520D003297D9 /* UIImage+Extension.h */,
				46D14C661F8F520D003297D9 /* UIImage+Extension.m */,
				46D14C671F8F520D003297D9 /* UIImageView+Extension.h */,
				46D14C681F8F520D003297D9 /* UIImageView+Extension.m */,
				46D14C691F8F520D003297D9 /* UILabel+Extension.h */,
				46D14C6A1F8F520D003297D9 /* UILabel+Extension.m */,
				46D14C6B1F8F520D003297D9 /* UITableView+Extension.h */,
				46D14C6C1F8F520D003297D9 /* UITableView+Extension.m */,
				46D14C6D1F8F520D003297D9 /* UITextField+Extension.h */,
				46D14C6E1F8F520D003297D9 /* UITextField+Extension.m */,
				46D14C6F1F8F520D003297D9 /* UIView+CLKeyboardOffsetView.h */,
				46D14C701F8F520D003297D9 /* UIView+CLKeyboardOffsetView.m */,
				46D14C711F8F520D003297D9 /* UIView+Extension.h */,
				46D14C721F8F520D003297D9 /* UIView+Extension.m */,
				46D14C731F8F520D003297D9 /* User.h */,
				46D14C741F8F520D003297D9 /* User.m */,
				46D14C751F8F520D003297D9 /* UserTool */,
				46D14C761F8F520D003297D9 /* UserTool.h */,
				46D14C771F8F520D003297D9 /* UserTool.m */,
				46D14C781F8F520D003297D9 /* WebView(网页视图) */,
				46D14C7B1F8F520D003297D9 /* ZHScanImageTool.h */,
				46D14C7C1F8F520D003297D9 /* ZHScanImageTool.m */,
				46D14C7D1F8F520D003297D9 /* ZHStringFilterTool.h */,
				46D14C7E1F8F520D003297D9 /* ZHStringFilterTool.m */,
				46D14C7F1F8F520D003297D9 /* 定位 */,
			);
			path = Util;
			sourceTree = "<group>";
		};
		46D14C061F8F520D003297D9 /* category */ = {
			isa = PBXGroup;
			children = (
				46D14C071F8F520D003297D9 /* NSString+null.h */,
				46D14C081F8F520D003297D9 /* NSString+null.m */,
				46D14C091F8F520D003297D9 /* ZHDotButton.h */,
				46D14C0A1F8F520D003297D9 /* ZHDotButton.m */,
				46D14C0B1F8F520D003297D9 /* ZHLableButton.h */,
				46D14C0C1F8F520D003297D9 /* ZHLableButton.m */,
			);
			path = category;
			sourceTree = "<group>";
		};
		46D14C0D1F8F520D003297D9 /* GetPhone */ = {
			isa = PBXGroup;
			children = (
				46D14C0E1F8F520D003297D9 /* UZAddressPhoneModel.h */,
				46D14C0F1F8F520D003297D9 /* UZAddressPhoneModel.m */,
				46D14C101F8F520D003297D9 /* UZGetAddressPhone.h */,
				46D14C111F8F520D003297D9 /* UZGetAddressPhone.m */,
			);
			path = GetPhone;
			sourceTree = "<group>";
		};
		46D14C121F8F520D003297D9 /* Lib */ = {
			isa = PBXGroup;
			children = (
			);
			path = Lib;
			sourceTree = "<group>";
		};
		46D14C561F8F520D003297D9 /* NetWork(网络请求) */ = {
			isa = PBXGroup;
			children = (
				46D14C571F8F520D003297D9 /* HttpTool.h */,
				46D14C581F8F520D003297D9 /* HttpTool.m */,
				46D14C591F8F520D003297D9 /* NetWorkStatus.h */,
				46D14C5A1F8F520D003297D9 /* NetWorkStatus.m */,
				46D14C5B1F8F520D003297D9 /* Reachability.h */,
				46D14C5C1F8F520D003297D9 /* Reachability.m */,
			);
			path = "NetWork(网络请求)";
			sourceTree = "<group>";
		};
		46D14C751F8F520D003297D9 /* UserTool */ = {
			isa = PBXGroup;
			children = (
			);
			path = UserTool;
			sourceTree = "<group>";
		};
		46D14C781F8F520D003297D9 /* WebView(网页视图) */ = {
			isa = PBXGroup;
			children = (
				46D14C791F8F520D003297D9 /* ZHWebViewController.h */,
				46D14C7A1F8F520D003297D9 /* ZHWebViewController.m */,
			);
			path = "WebView(网页视图)";
			sourceTree = "<group>";
		};
		46D14C7F1F8F520D003297D9 /* 定位 */ = {
			isa = PBXGroup;
			children = (
				46D14C801F8F520D003297D9 /* CLocationManager.h */,
				46D14C811F8F520D003297D9 /* CLocationManager.m */,
			);
			path = "定位";
			sourceTree = "<group>";
		};
		5D3018EFA4E45C6F82E29316 /* Pods */ = {
			isa = PBXGroup;
			children = (
				7E7BFC86662668C2579BC9CD /* Pods-FunBall.debug.xcconfig */,
				AB5AEAB8C6F9E5E812C38343 /* Pods-FunBall.release.xcconfig */,
				C07AFFFC49C52066CFC2CED1 /* Pods-FunBallTests.debug.xcconfig */,
				C4ECCE3A8B69C2503FBE8812 /* Pods-FunBallTests.release.xcconfig */,
				C3086E696E181DE76F7FA3D3 /* Pods-FunBallUITests.debug.xcconfig */,
				944A2E667822D0F0F27EC45C /* Pods-FunBallUITests.release.xcconfig */,
			);
			name = Pods;
			sourceTree = "<group>";
		};
		C68BC92E66FAAF3AA41073D1 /* Frameworks */ = {
			isa = PBXGroup;
			children = (
				7DE508EAD581FA3EBC8481C6 /* libPods-FunBall.a */,
				88EE8C5F6AD6C5BE9784E9B9 /* libPods-FunBallTests.a */,
				4BFFDBD4C656B07F0C61C5F1 /* libPods-FunBallUITests.a */,
			);
			name = Frameworks;
			sourceTree = "<group>";
		};
/* End PBXGroup section */

/* Begin PBXNativeTarget section */
		46D14BBB1F8F4016003297D9 /* FunBall */ = {
			isa = PBXNativeTarget;
			buildConfigurationList = 46D14BE91F8F4016003297D9 /* Build configuration list for PBXNativeTarget "FunBall" */;
			buildPhases = (
				51DD1A056DFC5803E7EDFB43 /* [CP] Check Pods Manifest.lock */,
				46D14BB81F8F4016003297D9 /* Sources */,
				46D14BB91F8F4016003297D9 /* Frameworks */,
				46D14BBA1F8F4016003297D9 /* Resources */,
				3D190C1AF6AA74E5BD4BB635 /* [CP] Embed Pods Frameworks */,
				AB53952876BD45A191DD6C86 /* [CP] Copy Pods Resources */,
			);
			buildRules = (
			);
			dependencies = (
			);
			name = FunBall;
			productName = FunBall;
			productReference = 46D14BBC1F8F4016003297D9 /* FunBall.app */;
			productType = "com.apple.product-type.application";
		};
		46D14BD41F8F4016003297D9 /* FunBallTests */ = {
			isa = PBXNativeTarget;
			buildConfigurationList = 46D14BEC1F8F4016003297D9 /* Build configuration list for PBXNativeTarget "FunBallTests" */;
			buildPhases = (
				7A08585657A5ED9B5039C129 /* [CP] Check Pods Manifest.lock */,
				46D14BD11F8F4016003297D9 /* Sources */,
				46D14BD21F8F4016003297D9 /* Frameworks */,
				46D14BD31F8F4016003297D9 /* Resources */,
				F603B59049046EA8824BDA63 /* [CP] Embed Pods Frameworks */,
				2F1A67CB2193EF42716160FE /* [CP] Copy Pods Resources */,
			);
			buildRules = (
			);
			dependencies = (
				46D14BD71F8F4016003297D9 /* PBXTargetDependency */,
			);
			name = FunBallTests;
			productName = FunBallTests;
			productReference = 46D14BD51F8F4016003297D9 /* FunBallTests.xctest */;
			productType = "com.apple.product-type.bundle.unit-test";
		};
		46D14BDF1F8F4016003297D9 /* FunBallUITests */ = {
			isa = PBXNativeTarget;
			buildConfigurationList = 46D14BEF1F8F4016003297D9 /* Build configuration list for PBXNativeTarget "FunBallUITests" */;
			buildPhases = (
				6242979B917133CF326A3DDD /* [CP] Check Pods Manifest.lock */,
				46D14BDC1F8F4016003297D9 /* Sources */,
				46D14BDD1F8F4016003297D9 /* Frameworks */,
				46D14BDE1F8F4016003297D9 /* Resources */,
				FBE25DF03B9C836BDE8E270B /* [CP] Embed Pods Frameworks */,
				B68B844C9D21C95E66E63C0C /* [CP] Copy Pods Resources */,
			);
			buildRules = (
			);
			dependencies = (
				46D14BE21F8F4016003297D9 /* PBXTargetDependency */,
			);
			name = FunBallUITests;
			productName = FunBallUITests;
			productReference = 46D14BE01F8F4016003297D9 /* FunBallUITests.xctest */;
			productType = "com.apple.product-type.bundle.ui-testing";
		};
/* End PBXNativeTarget section */

/* Begin PBXProject section */
		46D14BB41F8F4016003297D9 /* Project object */ = {
			isa = PBXProject;
			attributes = {
				LastUpgradeCheck = 0830;
				ORGANIZATIONNAME = "正和普惠";
				TargetAttributes = {
					46D14BBB1F8F4016003297D9 = {
						CreatedOnToolsVersion = 8.3.3;
						DevelopmentTeam = MXZMK9FZ55;
						ProvisioningStyle = Automatic;
					};
					46D14BD41F8F4016003297D9 = {
						CreatedOnToolsVersion = 8.3.3;
						ProvisioningStyle = Automatic;
						TestTargetID = 46D14BBB1F8F4016003297D9;
					};
					46D14BDF1F8F4016003297D9 = {
						CreatedOnToolsVersion = 8.3.3;
						ProvisioningStyle = Automatic;
						TestTargetID = 46D14BBB1F8F4016003297D9;
					};
				};
			};
			buildConfigurationList = 46D14BB71F8F4016003297D9 /* Build configuration list for PBXProject "FunBall" */;
			compatibilityVersion = "Xcode 3.2";
			developmentRegion = English;
			hasScannedForEncodings = 0;
			knownRegions = (
				en,
				Base,
			);
			mainGroup = 46D14BB31F8F4016003297D9;
			productRefGroup = 46D14BBD1F8F4016003297D9 /* Products */;
			projectDirPath = "";
			projectRoot = "";
			targets = (
				46D14BBB1F8F4016003297D9 /* FunBall */,
				46D14BD41F8F4016003297D9 /* FunBallTests */,
				46D14BDF1F8F4016003297D9 /* FunBallUITests */,
			);
		};
/* End PBXProject section */

/* Begin PBXResourcesBuildPhase section */
		46D14BBA1F8F4016003297D9 /* Resources */ = {
			isa = PBXResourcesBuildPhase;
			buildActionMask = 2147483647;
			files = (
				468599C31F909A1900363AAE /* zu1.jpg in Resources */,
				468599C01F909A1900363AAE /* zu3.jpg in Resources */,
				46679FAD1F90BF5C00406A19 /* news.json in Resources */,
				46D14BCF1F8F4016003297D9 /* LaunchScreen.storyboard in Resources */,
				468599C21F909A1900363AAE /* zu4.jpg in Resources */,
				46D14BCC1F8F4016003297D9 /* Assets.xcassets in Resources */,
				468599C11F909A1900363AAE /* zu2.jpg in Resources */,
			);
			runOnlyForDeploymentPostprocessing = 0;
		};
		46D14BD31F8F4016003297D9 /* Resources */ = {
			isa = PBXResourcesBuildPhase;
			buildActionMask = 2147483647;
			files = (
			);
			runOnlyForDeploymentPostprocessing = 0;
		};
		46D14BDE1F8F4016003297D9 /* Resources */ = {
			isa = PBXResourcesBuildPhase;
			buildActionMask = 2147483647;
			files = (
			);
			runOnlyForDeploymentPostprocessing = 0;
		};
/* End PBXResourcesBuildPhase section */

/* Begin PBXShellScriptBuildPhase section */
		2F1A67CB2193EF42716160FE /* [CP] Copy Pods Resources */ = {
			isa = PBXShellScriptBuildPhase;
			buildActionMask = 2147483647;
			files = (
			);
			inputPaths = (
			);
			name = "[CP] Copy Pods Resources";
			outputPaths = (
			);
			runOnlyForDeploymentPostprocessing = 0;
			shellPath = /bin/sh;
			shellScript = "\"${SRCROOT}/Pods/Target Support Files/Pods-FunBallTests/Pods-FunBallTests-resources.sh\"\n";
			showEnvVarsInLog = 0;
		};
		3D190C1AF6AA74E5BD4BB635 /* [CP] Embed Pods Frameworks */ = {
			isa = PBXShellScriptBuildPhase;
			buildActionMask = 2147483647;
			files = (
			);
			inputPaths = (
			);
			name = "[CP] Embed Pods Frameworks";
			outputPaths = (
			);
			runOnlyForDeploymentPostprocessing = 0;
			shellPath = /bin/sh;
			shellScript = "\"${SRCROOT}/Pods/Target Support Files/Pods-FunBall/Pods-FunBall-frameworks.sh\"\n";
			showEnvVarsInLog = 0;
		};
		51DD1A056DFC5803E7EDFB43 /* [CP] Check Pods Manifest.lock */ = {
			isa = PBXShellScriptBuildPhase;
			buildActionMask = 2147483647;
			files = (
			);
			inputPaths = (
			);
			name = "[CP] Check Pods Manifest.lock";
			outputPaths = (
			);
			runOnlyForDeploymentPostprocessing = 0;
			shellPath = /bin/sh;
			shellScript = "diff \"${PODS_PODFILE_DIR_PATH}/Podfile.lock\" \"${PODS_ROOT}/Manifest.lock\" > /dev/null\nif [ $? != 0 ] ; then\n    # print error to STDERR\n    echo \"error: The sandbox is not in sync with the Podfile.lock. Run 'pod install' or update your CocoaPods installation.\" >&2\n    exit 1\nfi\n";
			showEnvVarsInLog = 0;
		};
		6242979B917133CF326A3DDD /* [CP] Check Pods Manifest.lock */ = {
			isa = PBXShellScriptBuildPhase;
			buildActionMask = 2147483647;
			files = (
			);
			inputPaths = (
			);
			name = "[CP] Check Pods Manifest.lock";
			outputPaths = (
			);
			runOnlyForDeploymentPostprocessing = 0;
			shellPath = /bin/sh;
			shellScript = "diff \"${PODS_PODFILE_DIR_PATH}/Podfile.lock\" \"${PODS_ROOT}/Manifest.lock\" > /dev/null\nif [ $? != 0 ] ; then\n    # print error to STDERR\n    echo \"error: The sandbox is not in sync with the Podfile.lock. Run 'pod install' or update your CocoaPods installation.\" >&2\n    exit 1\nfi\n";
			showEnvVarsInLog = 0;
		};
		7A08585657A5ED9B5039C129 /* [CP] Check Pods Manifest.lock */ = {
			isa = PBXShellScriptBuildPhase;
			buildActionMask = 2147483647;
			files = (
			);
			inputPaths = (
			);
			name = "[CP] Check Pods Manifest.lock";
			outputPaths = (
			);
			runOnlyForDeploymentPostprocessing = 0;
			shellPath = /bin/sh;
			shellScript = "diff \"${PODS_PODFILE_DIR_PATH}/Podfile.lock\" \"${PODS_ROOT}/Manifest.lock\" > /dev/null\nif [ $? != 0 ] ; then\n    # print error to STDERR\n    echo \"error: The sandbox is not in sync with the Podfile.lock. Run 'pod install' or update your CocoaPods installation.\" >&2\n    exit 1\nfi\n";
			showEnvVarsInLog = 0;
		};
		AB53952876BD45A191DD6C86 /* [CP] Copy Pods Resources */ = {
			isa = PBXShellScriptBuildPhase;
			buildActionMask = 2147483647;
			files = (
			);
			inputPaths = (
			);
			name = "[CP] Copy Pods Resources";
			outputPaths = (
			);
			runOnlyForDeploymentPostprocessing = 0;
			shellPath = /bin/sh;
			shellScript = "\"${SRCROOT}/Pods/Target Support Files/Pods-FunBall/Pods-FunBall-resources.sh\"\n";
			showEnvVarsInLog = 0;
		};
		B68B844C9D21C95E66E63C0C /* [CP] Copy Pods Resources */ = {
			isa = PBXShellScriptBuildPhase;
			buildActionMask = 2147483647;
			files = (
			);
			inputPaths = (
			);
			name = "[CP] Copy Pods Resources";
			outputPaths = (
			);
			runOnlyForDeploymentPostprocessing = 0;
			shellPath = /bin/sh;
			shellScript = "\"${SRCROOT}/Pods/Target Support Files/Pods-FunBallUITests/Pods-FunBallUITests-resources.sh\"\n";
			showEnvVarsInLog = 0;
		};
		F603B59049046EA8824BDA63 /* [CP] Embed Pods Frameworks */ = {
			isa = PBXShellScriptBuildPhase;
			buildActionMask = 2147483647;
			files = (
			);
			inputPaths = (
			);
			name = "[CP] Embed Pods Frameworks";
			outputPaths = (
			);
			runOnlyForDeploymentPostprocessing = 0;
			shellPath = /bin/sh;
			shellScript = "\"${SRCROOT}/Pods/Target Support Files/Pods-FunBallTests/Pods-FunBallTests-frameworks.sh\"\n";
			showEnvVarsInLog = 0;
		};
		FBE25DF03B9C836BDE8E270B /* [CP] Embed Pods Frameworks */ = {
			isa = PBXShellScriptBuildPhase;
			buildActionMask = 2147483647;
			files = (
			);
			inputPaths = (
			);
			name = "[CP] Embed Pods Frameworks";
			outputPaths = (
			);
			runOnlyForDeploymentPostprocessing = 0;
			shellPath = /bin/sh;
			shellScript = "\"${SRCROOT}/Pods/Target Support Files/Pods-FunBallUITests/Pods-FunBallUITests-frameworks.sh\"\n";
			showEnvVarsInLog = 0;
		};
/* End PBXShellScriptBuildPhase section */

/* Begin PBXSourcesBuildPhase section */
		46D14BB81F8F4016003297D9 /* Sources */ = {
			isa = PBXSourcesBuildPhase;
			buildActionMask = 2147483647;
			files = (
				46D14CA61F8F520D003297D9 /* HttpTool.m in Sources */,
				46D14CB21F8F520D003297D9 /* UIView+CLKeyboardOffsetView.m in Sources */,
				46D14C861F8F520D003297D9 /* UZAddressPhoneModel.m in Sources */,
				46D14CA71F8F520D003297D9 /* NetWorkStatus.m in Sources */,
				46679FB51F90C13300406A19 /* ZHNewsCell.m in Sources */,
				46D14CB91F8F520D003297D9 /* CLocationManager.m in Sources */,
				46D14BC71F8F4016003297D9 /* ViewController.m in Sources */,
				46D14CB41F8F520D003297D9 /* User.m in Sources */,
				46D14CBC1F8F5237003297D9 /* ZHHomeViewController.m in Sources */,
				46D14CAE1F8F520D003297D9 /* UIImageView+Extension.m in Sources */,
				46D14CB51F8F520D003297D9 /* UserTool.m in Sources */,
				46D14CB81F8F520D003297D9 /* ZHStringFilterTool.m in Sources */,
				46D14CA81F8F520D003297D9 /* Reachability.m in Sources */,
				46D14C841F8F520D003297D9 /* ZHDotButton.m in Sources */,
				46679FB81F90C20E00406A19 /* ZHNewsModel.m in Sources */,
				46D14CAD1F8F520D003297D9 /* UIImage+Extension.m in Sources */,
				46D14CB11F8F520D003297D9 /* UITextField+Extension.m in Sources */,
				46D14CA91F8F520D003297D9 /* NSString+Extension.m in Sources */,
				46D14C001F8F508C003297D9 /* Foundation+Log.m in Sources */,
				46D14BFE1F8F5057003297D9 /* ZHTabBarController.m in Sources */,
				46D14CC51F8F537A003297D9 /* ZHFindViewController.m in Sources */,
				46D14CAA1F8F520D003297D9 /* SupportedInterfaceOrientations.m in Sources */,
				46D14C821F8F520D003297D9 /* AlertViewTool.m in Sources */,
				46D14CB61F8F520D003297D9 /* ZHWebViewController.m in Sources */,
				46D14CB31F8F520D003297D9 /* UIView+Extension.m in Sources */,
				46D14C831F8F520D003297D9 /* NSString+null.m in Sources */,
				46D14BFA1F8F4D87003297D9 /* ZHBaseViewController.m in Sources */,
				46D14CAF1F8F520D003297D9 /* UILabel+Extension.m in Sources */,
				46D14CB71F8F520D003297D9 /* ZHScanImageTool.m in Sources */,
				46D14BC41F8F4016003297D9 /* AppDelegate.m in Sources */,
				46D14BC11F8F4016003297D9 /* main.m in Sources */,
				46D14C871F8F520D003297D9 /* UZGetAddressPhone.m in Sources */,
				46D14CBF1F8F5253003297D9 /* BaseTableViewCell.m in Sources */,
				46D14CAB1F8F520D003297D9 /* UIBarButtonItem+Extension.m in Sources */,
				46D14CAC1F8F520D003297D9 /* UIButton+Extension.m in Sources */,
				46D14C851F8F520D003297D9 /* ZHLableButton.m in Sources */,
				46D14CB01F8F520D003297D9 /* UITableView+Extension.m in Sources */,
				46D14CC21F8F5362003297D9 /* ZHMeViewController.m in Sources */,
				46D14BFB1F8F4D87003297D9 /* ZHNavigationController.m in Sources */,
			);
			runOnlyForDeploymentPostprocessing = 0;
		};
		46D14BD11F8F4016003297D9 /* Sources */ = {
			isa = PBXSourcesBuildPhase;
			buildActionMask = 2147483647;
			files = (
				46D14BDA1F8F4016003297D9 /* FunBallTests.m in Sources */,
			);
			runOnlyForDeploymentPostprocessing = 0;
		};
		46D14BDC1F8F4016003297D9 /* Sources */ = {
			isa = PBXSourcesBuildPhase;
			buildActionMask = 2147483647;
			files = (
				46D14BE51F8F4016003297D9 /* FunBallUITests.m in Sources */,
			);
			runOnlyForDeploymentPostprocessing = 0;
		};
/* End PBXSourcesBuildPhase section */

/* Begin PBXTargetDependency section */
		46D14BD71F8F4016003297D9 /* PBXTargetDependency */ = {
			isa = PBXTargetDependency;
			target = 46D14BBB1F8F4016003297D9 /* FunBall */;
			targetProxy = 46D14BD61F8F4016003297D9 /* PBXContainerItemProxy */;
		};
		46D14BE21F8F4016003297D9 /* PBXTargetDependency */ = {
			isa = PBXTargetDependency;
			target = 46D14BBB1F8F4016003297D9 /* FunBall */;
			targetProxy = 46D14BE11F8F4016003297D9 /* PBXContainerItemProxy */;
		};
/* End PBXTargetDependency section */

/* Begin PBXVariantGroup section */
		46D14BCD1F8F4016003297D9 /* LaunchScreen.storyboard */ = {
			isa = PBXVariantGroup;
			children = (
				46D14BCE1F8F4016003297D9 /* Base */,
			);
			name = LaunchScreen.storyboard;
			sourceTree = "<group>";
		};
/* End PBXVariantGroup section */

/* Begin XCBuildConfiguration section */
		46D14BE71F8F4016003297D9 /* Debug */ = {
			isa = XCBuildConfiguration;
			buildSettings = {
				ALWAYS_SEARCH_USER_PATHS = NO;
				CLANG_ANALYZER_NONNULL = YES;
				CLANG_ANALYZER_NUMBER_OBJECT_CONVERSION = YES_AGGRESSIVE;
				CLANG_CXX_LANGUAGE_STANDARD = "gnu++0x";
				CLANG_CXX_LIBRARY = "libc++";
				CLANG_ENABLE_MODULES = YES;
				CLANG_ENABLE_OBJC_ARC = YES;
				CLANG_WARN_BOOL_CONVERSION = YES;
				CLANG_WARN_CONSTANT_CONVERSION = YES;
				CLANG_WARN_DIRECT_OBJC_ISA_USAGE = YES_ERROR;
				CLANG_WARN_DOCUMENTATION_COMMENTS = YES;
				CLANG_WARN_EMPTY_BODY = YES;
				CLANG_WARN_ENUM_CONVERSION = YES;
				CLANG_WARN_INFINITE_RECURSION = YES;
				CLANG_WARN_INT_CONVERSION = YES;
				CLANG_WARN_OBJC_ROOT_CLASS = YES_ERROR;
				CLANG_WARN_SUSPICIOUS_MOVE = YES;
				CLANG_WARN_UNREACHABLE_CODE = YES;
				CLANG_WARN__DUPLICATE_METHOD_MATCH = YES;
				"CODE_SIGN_IDENTITY[sdk=iphoneos*]" = "iPhone Developer";
				COPY_PHASE_STRIP = NO;
				DEBUG_INFORMATION_FORMAT = dwarf;
				ENABLE_STRICT_OBJC_MSGSEND = YES;
				ENABLE_TESTABILITY = YES;
				GCC_C_LANGUAGE_STANDARD = gnu99;
				GCC_DYNAMIC_NO_PIC = NO;
				GCC_NO_COMMON_BLOCKS = YES;
				GCC_OPTIMIZATION_LEVEL = 0;
				GCC_PREPROCESSOR_DEFINITIONS = (
					"DEBUG=1",
					"$(inherited)",
				);
				GCC_WARN_64_TO_32_BIT_CONVERSION = YES;
				GCC_WARN_ABOUT_RETURN_TYPE = YES_ERROR;
				GCC_WARN_UNDECLARED_SELECTOR = YES;
				GCC_WARN_UNINITIALIZED_AUTOS = YES_AGGRESSIVE;
				GCC_WARN_UNUSED_FUNCTION = YES;
				GCC_WARN_UNUSED_VARIABLE = YES;
				IPHONEOS_DEPLOYMENT_TARGET = 8.0;
				MTL_ENABLE_DEBUG_INFO = YES;
				ONLY_ACTIVE_ARCH = YES;
				SDKROOT = iphoneos;
				TARGETED_DEVICE_FAMILY = "1,2";
			};
			name = Debug;
		};
		46D14BE81F8F4016003297D9 /* Release */ = {
			isa = XCBuildConfiguration;
			buildSettings = {
				ALWAYS_SEARCH_USER_PATHS = NO;
				CLANG_ANALYZER_NONNULL = YES;
				CLANG_ANALYZER_NUMBER_OBJECT_CONVERSION = YES_AGGRESSIVE;
				CLANG_CXX_LANGUAGE_STANDARD = "gnu++0x";
				CLANG_CXX_LIBRARY = "libc++";
				CLANG_ENABLE_MODULES = YES;
				CLANG_ENABLE_OBJC_ARC = YES;
				CLANG_WARN_BOOL_CONVERSION = YES;
				CLANG_WARN_CONSTANT_CONVERSION = YES;
				CLANG_WARN_DIRECT_OBJC_ISA_USAGE = YES_ERROR;
				CLANG_WARN_DOCUMENTATION_COMMENTS = YES;
				CLANG_WARN_EMPTY_BODY = YES;
				CLANG_WARN_ENUM_CONVERSION = YES;
				CLANG_WARN_INFINITE_RECURSION = YES;
				CLANG_WARN_INT_CONVERSION = YES;
				CLANG_WARN_OBJC_ROOT_CLASS = YES_ERROR;
				CLANG_WARN_SUSPICIOUS_MOVE = YES;
				CLANG_WARN_UNREACHABLE_CODE = YES;
				CLANG_WARN__DUPLICATE_METHOD_MATCH = YES;
				"CODE_SIGN_IDENTITY[sdk=iphoneos*]" = "iPhone Developer";
				COPY_PHASE_STRIP = NO;
				DEBUG_INFORMATION_FORMAT = "dwarf-with-dsym";
				ENABLE_NS_ASSERTIONS = NO;
				ENABLE_STRICT_OBJC_MSGSEND = YES;
				GCC_C_LANGUAGE_STANDARD = gnu99;
				GCC_NO_COMMON_BLOCKS = YES;
				GCC_WARN_64_TO_32_BIT_CONVERSION = YES;
				GCC_WARN_ABOUT_RETURN_TYPE = YES_ERROR;
				GCC_WARN_UNDECLARED_SELECTOR = YES;
				GCC_WARN_UNINITIALIZED_AUTOS = YES_AGGRESSIVE;
				GCC_WARN_UNUSED_FUNCTION = YES;
				GCC_WARN_UNUSED_VARIABLE = YES;
				IPHONEOS_DEPLOYMENT_TARGET = 8.0;
				MTL_ENABLE_DEBUG_INFO = NO;
				SDKROOT = iphoneos;
				TARGETED_DEVICE_FAMILY = "1,2";
				VALIDATE_PRODUCT = YES;
			};
			name = Release;
		};
		46D14BEA1F8F4016003297D9 /* Debug */ = {
			isa = XCBuildConfiguration;
			baseConfigurationReference = 7E7BFC86662668C2579BC9CD /* Pods-FunBall.debug.xcconfig */;
			buildSettings = {
				ASSETCATALOG_COMPILER_APPICON_NAME = AppIcon;
				DEVELOPMENT_TEAM = MXZMK9FZ55;
				FRAMEWORK_SEARCH_PATHS = (
					"$(inherited)",
					"$(PROJECT_DIR)/FunBall/Util/Lib/FuDataSDK",
				);
				GCC_PREFIX_HEADER = FunBall/DefaultSet.pch;
				INFOPLIST_FILE = FunBall/Info.plist;
				IPHONEOS_DEPLOYMENT_TARGET = 8.0;
				LD_RUNPATH_SEARCH_PATHS = "$(inherited) @executable_path/Frameworks";
				LIBRARY_SEARCH_PATHS = (
					"$(inherited)",
					"$(PROJECT_DIR)/FunBall/Util/Lib/Device",
					"$(PROJECT_DIR)/FunBall/Util/Lib/idcard_include",
					"$(PROJECT_DIR)/FunBall/Util/Lib/libSTMultipleLiveness",
					"$(PROJECT_DIR)/FunBall/Util/Lib/TalkingSDk",
					"$(PROJECT_DIR)/FunBall/Util/Lib/UMessage_Sdk_1.5.0a",
				);
				PRODUCT_BUNDLE_IDENTIFIER = com.5cn.zh.FunBall;
				PRODUCT_NAME = "$(TARGET_NAME)";
				TARGETED_DEVICE_FAMILY = 1;
			};
			name = Debug;
		};
		46D14BEB1F8F4016003297D9 /* Release */ = {
			isa = XCBuildConfiguration;
			baseConfigurationReference = AB5AEAB8C6F9E5E812C38343 /* Pods-FunBall.release.xcconfig */;
			buildSettings = {
				ASSETCATALOG_COMPILER_APPICON_NAME = AppIcon;
				DEVELOPMENT_TEAM = MXZMK9FZ55;
				FRAMEWORK_SEARCH_PATHS = (
					"$(inherited)",
					"$(PROJECT_DIR)/FunBall/Util/Lib/FuDataSDK",
				);
				GCC_PREFIX_HEADER = FunBall/DefaultSet.pch;
				INFOPLIST_FILE = FunBall/Info.plist;
				IPHONEOS_DEPLOYMENT_TARGET = 8.0;
				LD_RUNPATH_SEARCH_PATHS = "$(inherited) @executable_path/Frameworks";
				LIBRARY_SEARCH_PATHS = (
					"$(inherited)",
					"$(PROJECT_DIR)/FunBall/Util/Lib/Device",
					"$(PROJECT_DIR)/FunBall/Util/Lib/idcard_include",
					"$(PROJECT_DIR)/FunBall/Util/Lib/libSTMultipleLiveness",
					"$(PROJECT_DIR)/FunBall/Util/Lib/TalkingSDk",
					"$(PROJECT_DIR)/FunBall/Util/Lib/UMessage_Sdk_1.5.0a",
				);
				PRODUCT_BUNDLE_IDENTIFIER = com.5cn.zh.FunBall;
				PRODUCT_NAME = "$(TARGET_NAME)";
				TARGETED_DEVICE_FAMILY = 1;
			};
			name = Release;
		};
		46D14BED1F8F4016003297D9 /* Debug */ = {
			isa = XCBuildConfiguration;
			baseConfigurationReference = C07AFFFC49C52066CFC2CED1 /* Pods-FunBallTests.debug.xcconfig */;
			buildSettings = {
				BUNDLE_LOADER = "$(TEST_HOST)";
				INFOPLIST_FILE = FunBallTests/Info.plist;
				LD_RUNPATH_SEARCH_PATHS = "$(inherited) @executable_path/Frameworks @loader_path/Frameworks";
				PRODUCT_BUNDLE_IDENTIFIER = com.5cn.zh.FunBallTests;
				PRODUCT_NAME = "$(TARGET_NAME)";
				TEST_HOST = "$(BUILT_PRODUCTS_DIR)/FunBall.app/FunBall";
			};
			name = Debug;
		};
		46D14BEE1F8F4016003297D9 /* Release */ = {
			isa = XCBuildConfiguration;
			baseConfigurationReference = C4ECCE3A8B69C2503FBE8812 /* Pods-FunBallTests.release.xcconfig */;
			buildSettings = {
				BUNDLE_LOADER = "$(TEST_HOST)";
				INFOPLIST_FILE = FunBallTests/Info.plist;
				LD_RUNPATH_SEARCH_PATHS = "$(inherited) @executable_path/Frameworks @loader_path/Frameworks";
				PRODUCT_BUNDLE_IDENTIFIER = com.5cn.zh.FunBallTests;
				PRODUCT_NAME = "$(TARGET_NAME)";
				TEST_HOST = "$(BUILT_PRODUCTS_DIR)/FunBall.app/FunBall";
			};
			name = Release;
		};
		46D14BF01F8F4016003297D9 /* Debug */ = {
			isa = XCBuildConfiguration;
			baseConfigurationReference = C3086E696E181DE76F7FA3D3 /* Pods-FunBallUITests.debug.xcconfig */;
			buildSettings = {
				INFOPLIST_FILE = FunBallUITests/Info.plist;
				LD_RUNPATH_SEARCH_PATHS = "$(inherited) @executable_path/Frameworks @loader_path/Frameworks";
				PRODUCT_BUNDLE_IDENTIFIER = com.5cn.zh.FunBallUITests;
				PRODUCT_NAME = "$(TARGET_NAME)";
				TEST_TARGET_NAME = FunBall;
			};
			name = Debug;
		};
		46D14BF11F8F4016003297D9 /* Release */ = {
			isa = XCBuildConfiguration;
			baseConfigurationReference = 944A2E667822D0F0F27EC45C /* Pods-FunBallUITests.release.xcconfig */;
			buildSettings = {
				INFOPLIST_FILE = FunBallUITests/Info.plist;
				LD_RUNPATH_SEARCH_PATHS = "$(inherited) @executable_path/Frameworks @loader_path/Frameworks";
				PRODUCT_BUNDLE_IDENTIFIER = com.5cn.zh.FunBallUITests;
				PRODUCT_NAME = "$(TARGET_NAME)";
				TEST_TARGET_NAME = FunBall;
			};
			name = Release;
		};
/* End XCBuildConfiguration section */

/* Begin XCConfigurationList section */
		46D14BB71F8F4016003297D9 /* Build configuration list for PBXProject "FunBall" */ = {
			isa = XCConfigurationList;
			buildConfigurations = (
				46D14BE71F8F4016003297D9 /* Debug */,
				46D14BE81F8F4016003297D9 /* Release */,
			);
			defaultConfigurationIsVisible = 0;
			defaultConfigurationName = Release;
		};
		46D14BE91F8F4016003297D9 /* Build configuration list for PBXNativeTarget "FunBall" */ = {
			isa = XCConfigurationList;
			buildConfigurations = (
				46D14BEA1F8F4016003297D9 /* Debug */,
				46D14BEB1F8F4016003297D9 /* Release */,
			);
			defaultConfigurationIsVisible = 0;
			defaultConfigurationName = Release;
		};
		46D14BEC1F8F4016003297D9 /* Build configuration list for PBXNativeTarget "FunBallTests" */ = {
			isa = XCConfigurationList;
			buildConfigurations = (
				46D14BED1F8F4016003297D9 /* Debug */,
				46D14BEE1F8F4016003297D9 /* Release */,
			);
			defaultConfigurationIsVisible = 0;
			defaultConfigurationName = Release;
		};
		46D14BEF1F8F4016003297D9 /* Build configuration list for PBXNativeTarget "FunBallUITests" */ = {
			isa = XCConfigurationList;
			buildConfigurations = (
				46D14BF01F8F4016003297D9 /* Debug */,
				46D14BF11F8F4016003297D9 /* Release */,
			);
			defaultConfigurationIsVisible = 0;
			defaultConfigurationName = Release;
		};
/* End XCConfigurationList section */
	};
	rootObject = 46D14BB41F8F4016003297D9 /* Project object */;
}
